
Microsoft Visual Studio Solution File, Format Version 12.00
Project("{FAE04EC0-301F-11D3-BF4B-00C04F79EFBC}") = "dotnetframework_core_style", "dotnetframework_core_style\dotnetframework_core_style.csproj", "{EFF8344E-BC4D-4569-BF31-C471216E3113}"
EndProject
Project("{FAE04EC0-301F-11D3-BF4B-00C04F79EFBC}") = "TestUtils", "..\TestUtils\TestUtils.csproj", "{8D48C73F-27DC-4DF8-93A9-278E5042AF9A}"
EndProject
Global
	GlobalSection(SolutionConfigurationPlatforms) = preSolution
		Debug|Any CPU = Debug|Any CPU
		Release|Any CPU = Release|Any CPU
	EndGlobalSection
	GlobalSection(ProjectConfigurationPlatforms) = postSolution
		{EFF8344E-BC4D-4569-BF31-C471216E3113}.Debug|Any CPU.ActiveCfg = Debug|Any CPU
		{EFF8344E-BC4D-4569-BF31-C471216E3113}.Debug|Any CPU.Build.0 = Debug|Any CPU
		{EFF8344E-BC4D-4569-BF31-C471216E3113}.Release|Any CPU.ActiveCfg = Release|Any CPU
		{EFF8344E-BC4D-4569-BF31-C471216E3113}.Release|Any CPU.Build.0 = Release|Any CPU
		{8D48C73F-27DC-4DF8-93A9-278E5042AF9A}.Debug|Any CPU.ActiveCfg = Debug|Any CPU
		{8D48C73F-27DC-4DF8-93A9-278E5042AF9A}.Debug|Any CPU.Build.0 = Debug|Any CPU
		{8D48C73F-27DC-4DF8-93A9-278E5042AF9A}.Release|Any CPU.ActiveCfg = Release|Any CPU
		{8D48C73F-27DC-4DF8-93A9-278E5042AF9A}.Release|Any CPU.Build.0 = Release|Any CPU
	EndGlobalSection
EndGlobal
